
Microsoft Visual Studio Solution File, Format Version 12.00
# Visual Studio Version 17
VisualStudioVersion = 17.4.33213.308
MinimumVisualStudioVersion = 10.0.40219.1
Project("{2150E333-8FDC-42A3-9474-1A3956D46DE8}") = "src", "src", "{66879BC8-A7C7-4AF9-81E7-7AFE3D530F4D}"
EndProject
Project("{2150E333-8FDC-42A3-9474-1A3956D46DE8}") = "tests", "tests", "{B2B99B4E-1B33-4DCC-BDB2-9ACBE92F5743}"
EndProject
Project("{9A19103F-16F7-4668-BE54-9A1E7A4F7556}") = "VirtoCommerce.PaymentModule.Core", "src\VirtoCommerce.Payment.Core\VirtoCommerce.PaymentModule.Core.csproj", "{493B5806-73E9-4EFC-B11E-A61701888DB6}"
EndProject
Project("{9A19103F-16F7-4668-BE54-9A1E7A4F7556}") = "VirtoCommerce.PaymentModule.Data", "src\VirtoCommerce.Payment.Data\VirtoCommerce.PaymentModule.Data.csproj", "{504AEAD3-72FB-4BFD-BA04-3792B51E34D8}"
EndProject
Project("{9A19103F-16F7-4668-BE54-9A1E7A4F7556}") = "VirtoCommerce.PaymentModule.Web", "src\VirtoCommerce.Payment.Web\VirtoCommerce.PaymentModule.Web.csproj", "{616CC657-A133-45EF-A68D-1DC4E42CE5F2}"
EndProject
Project("{FAE04EC0-301F-11D3-BF4B-00C04F79EFBC}") = "VirtoCommerce.PaymentModule.Data.SqlServer", "src\VirtoCommerce.PaymentModule.Data.SqlServer\VirtoCommerce.PaymentModule.Data.SqlServer.csproj", "{E9777CFC-EABC-4C76-B271-DE3F05DBB831}"
EndProject
Project("{FAE04EC0-301F-11D3-BF4B-00C04F79EFBC}") = "VirtoCommerce.PaymentModule.Data.MySql", "src\VirtoCommerce.PaymentModule.Data.MySql\VirtoCommerce.PaymentModule.Data.MySql.csproj", "{DAC15B9B-B765-4F64-AAFF-BA7AB25BE711}"
EndProject
Project("{FAE04EC0-301F-11D3-BF4B-00C04F79EFBC}") = "VirtoCommerce.PaymentModule.Data.PostgreSql", "src\VirtoCommerce.PaymentModule.Data.PostgreSql\VirtoCommerce.PaymentModule.Data.PostgreSql.csproj", "{5A64A026-FDBC-454D-990B-A95CA912A700}"
EndProject
Project("{FAE04EC0-301F-11D3-BF4B-00C04F79EFBC}") = "VirtoCommerce.Payment.Tests", "tests\VirtoCommerce.Payment.Tests\VirtoCommerce.Payment.Tests.csproj", "{EFB5FE4C-E362-8F05-A400-03F44DC270AC}"
EndProject
Global
	GlobalSection(SolutionConfigurationPlatforms) = preSolution
		Debug|Any CPU = Debug|Any CPU
		Release|Any CPU = Release|Any CPU
	EndGlobalSection
	GlobalSection(ProjectConfigurationPlatforms) = postSolution
		{493B5806-73E9-4EFC-B11E-A61701888DB6}.Debug|Any CPU.ActiveCfg = Debug|Any CPU
		{493B5806-73E9-4EFC-B11E-A61701888DB6}.Debug|Any CPU.Build.0 = Debug|Any CPU
		{493B5806-73E9-4EFC-B11E-A61701888DB6}.Release|Any CPU.ActiveCfg = Release|Any CPU
		{493B5806-73E9-4EFC-B11E-A61701888DB6}.Release|Any CPU.Build.0 = Release|Any CPU
		{504AEAD3-72FB-4BFD-BA04-3792B51E34D8}.Debug|Any CPU.ActiveCfg = Debug|Any CPU
		{504AEAD3-72FB-4BFD-BA04-3792B51E34D8}.Debug|Any CPU.Build.0 = Debug|Any CPU
		{504AEAD3-72FB-4BFD-BA04-3792B51E34D8}.Release|Any CPU.ActiveCfg = Release|Any CPU
		{504AEAD3-72FB-4BFD-BA04-3792B51E34D8}.Release|Any CPU.Build.0 = Release|Any CPU
		{616CC657-A133-45EF-A68D-1DC4E42CE5F2}.Debug|Any CPU.ActiveCfg = Debug|Any CPU
		{616CC657-A133-45EF-A68D-1DC4E42CE5F2}.Debug|Any CPU.Build.0 = Debug|Any CPU
		{616CC657-A133-45EF-A68D-1DC4E42CE5F2}.Release|Any CPU.ActiveCfg = Release|Any CPU
		{616CC657-A133-45EF-A68D-1DC4E42CE5F2}.Release|Any CPU.Build.0 = Release|Any CPU
		{E9777CFC-EABC-4C76-B271-DE3F05DBB831}.Debug|Any CPU.ActiveCfg = Debug|Any CPU
		{E9777CFC-EABC-4C76-B271-DE3F05DBB831}.Debug|Any CPU.Build.0 = Debug|Any CPU
		{E9777CFC-EABC-4C76-B271-DE3F05DBB831}.Release|Any CPU.ActiveCfg = Release|Any CPU
		{E9777CFC-EABC-4C76-B271-DE3F05DBB831}.Release|Any CPU.Build.0 = Release|Any CPU
		{DAC15B9B-B765-4F64-AAFF-BA7AB25BE711}.Debug|Any CPU.ActiveCfg = Debug|Any CPU
		{DAC15B9B-B765-4F64-AAFF-BA7AB25BE711}.Debug|Any CPU.Build.0 = Debug|Any CPU
		{DAC15B9B-B765-4F64-AAFF-BA7AB25BE711}.Release|Any CPU.ActiveCfg = Release|Any CPU
		{DAC15B9B-B765-4F64-AAFF-BA7AB25BE711}.Release|Any CPU.Build.0 = Release|Any CPU
		{5A64A026-FDBC-454D-990B-A95CA912A700}.Debug|Any CPU.ActiveCfg = Debug|Any CPU
		{5A64A026-FDBC-454D-990B-A95CA912A700}.Debug|Any CPU.Build.0 = Debug|Any CPU
		{5A64A026-FDBC-454D-990B-A95CA912A700}.Release|Any CPU.ActiveCfg = Release|Any CPU
		{5A64A026-FDBC-454D-990B-A95CA912A700}.Release|Any CPU.Build.0 = Release|Any CPU
		{EFB5FE4C-E362-8F05-A400-03F44DC270AC}.Debug|Any CPU.ActiveCfg = Debug|Any CPU
		{EFB5FE4C-E362-8F05-A400-03F44DC270AC}.Debug|Any CPU.Build.0 = Debug|Any CPU
		{EFB5FE4C-E362-8F05-A400-03F44DC270AC}.Release|Any CPU.ActiveCfg = Release|Any CPU
		{EFB5FE4C-E362-8F05-A400-03F44DC270AC}.Release|Any CPU.Build.0 = Release|Any CPU
	EndGlobalSection
	GlobalSection(SolutionProperties) = preSolution
		HideSolutionNode = FALSE
	EndGlobalSection
	GlobalSection(NestedProjects) = preSolution
		{493B5806-73E9-4EFC-B11E-A61701888DB6} = {66879BC8-A7C7-4AF9-81E7-7AFE3D530F4D}
		{504AEAD3-72FB-4BFD-BA04-3792B51E34D8} = {66879BC8-A7C7-4AF9-81E7-7AFE3D530F4D}
		{616CC657-A133-45EF-A68D-1DC4E42CE5F2} = {66879BC8-A7C7-4AF9-81E7-7AFE3D530F4D}
		{E9777CFC-EABC-4C76-B271-DE3F05DBB831} = {66879BC8-A7C7-4AF9-81E7-7AFE3D530F4D}
		{DAC15B9B-B765-4F64-AAFF-BA7AB25BE711} = {66879BC8-A7C7-4AF9-81E7-7AFE3D530F4D}
		{5A64A026-FDBC-454D-990B-A95CA912A700} = {66879BC8-A7C7-4AF9-81E7-7AFE3D530F4D}
		{EFB5FE4C-E362-8F05-A400-03F44DC270AC} = {B2B99B4E-1B33-4DCC-BDB2-9ACBE92F5743}
	EndGlobalSection
	GlobalSection(ExtensibilityGlobals) = postSolution
		SolutionGuid = {F676C4CC-32D3-43B4-AA54-31E14F44E08B}
	EndGlobalSection
EndGlobal
