
Microsoft Visual Studio Solution File, Format Version 12.00
# Visual Studio Version 16
VisualStudioVersion = 16.0.29306.81
MinimumVisualStudioVersion = 10.0.40219.1
Project("{9A19103F-16F7-4668-BE54-9A1E7A4F7556}") = "_build", "build\_build.csproj", "{2ABB93AE-83BB-43BF-B814-92751E4A454F}"
EndProject
Project("{2150E333-8FDC-42A3-9474-1A3956D46DE8}") = "src", "src", "{66879BC8-A7C7-4AF9-81E7-7AFE3D530F4D}"
EndProject
Project("{2150E333-8FDC-42A3-9474-1A3956D46DE8}") = "tests", "tests", "{B2B99B4E-1B33-4DCC-BDB2-9ACBE92F5743}"
EndProject
Project("{9A19103F-16F7-4668-BE54-9A1E7A4F7556}") = "VirtoCommerce.PaymentModule.Core", "src\VirtoCommerce.Payment.Core\VirtoCommerce.PaymentModule.Core.csproj", "{493B5806-73E9-4EFC-B11E-A61701888DB6}"
EndProject
Project("{9A19103F-16F7-4668-BE54-9A1E7A4F7556}") = "VirtoCommerce.PaymentModule.Data", "src\VirtoCommerce.Payment.Data\VirtoCommerce.PaymentModule.Data.csproj", "{504AEAD3-72FB-4BFD-BA04-3792B51E34D8}"
EndProject
Project("{9A19103F-16F7-4668-BE54-9A1E7A4F7556}") = "VirtoCommerce.PaymentModule.Web", "src\VirtoCommerce.Payment.Web\VirtoCommerce.PaymentModule.Web.csproj", "{616CC657-A133-45EF-A68D-1DC4E42CE5F2}"
EndProject
Global
	GlobalSection(SolutionConfigurationPlatforms) = preSolution
		Debug|Any CPU = Debug|Any CPU
		Release|Any CPU = Release|Any CPU
	EndGlobalSection
	GlobalSection(ProjectConfigurationPlatforms) = postSolution
		{2ABB93AE-83BB-43BF-B814-92751E4A454F}.Debug|Any CPU.ActiveCfg = Debug|Any CPU
		{2ABB93AE-83BB-43BF-B814-92751E4A454F}.Release|Any CPU.ActiveCfg = Release|Any CPU
		{493B5806-73E9-4EFC-B11E-A61701888DB6}.Debug|Any CPU.ActiveCfg = Debug|Any CPU
		{493B5806-73E9-4EFC-B11E-A61701888DB6}.Debug|Any CPU.Build.0 = Debug|Any CPU
		{493B5806-73E9-4EFC-B11E-A61701888DB6}.Release|Any CPU.ActiveCfg = Release|Any CPU
		{493B5806-73E9-4EFC-B11E-A61701888DB6}.Release|Any CPU.Build.0 = Release|Any CPU
		{504AEAD3-72FB-4BFD-BA04-3792B51E34D8}.Debug|Any CPU.ActiveCfg = Debug|Any CPU
		{504AEAD3-72FB-4BFD-BA04-3792B51E34D8}.Debug|Any CPU.Build.0 = Debug|Any CPU
		{504AEAD3-72FB-4BFD-BA04-3792B51E34D8}.Release|Any CPU.ActiveCfg = Release|Any CPU
		{504AEAD3-72FB-4BFD-BA04-3792B51E34D8}.Release|Any CPU.Build.0 = Release|Any CPU
		{616CC657-A133-45EF-A68D-1DC4E42CE5F2}.Debug|Any CPU.ActiveCfg = Debug|Any CPU
		{616CC657-A133-45EF-A68D-1DC4E42CE5F2}.Debug|Any CPU.Build.0 = Debug|Any CPU
		{616CC657-A133-45EF-A68D-1DC4E42CE5F2}.Release|Any CPU.ActiveCfg = Release|Any CPU
		{616CC657-A133-45EF-A68D-1DC4E42CE5F2}.Release|Any CPU.Build.0 = Release|Any CPU
	EndGlobalSection
	GlobalSection(SolutionProperties) = preSolution
		HideSolutionNode = FALSE
	EndGlobalSection
	GlobalSection(NestedProjects) = preSolution
		{493B5806-73E9-4EFC-B11E-A61701888DB6} = {66879BC8-A7C7-4AF9-81E7-7AFE3D530F4D}
		{504AEAD3-72FB-4BFD-BA04-3792B51E34D8} = {66879BC8-A7C7-4AF9-81E7-7AFE3D530F4D}
		{616CC657-A133-45EF-A68D-1DC4E42CE5F2} = {66879BC8-A7C7-4AF9-81E7-7AFE3D530F4D}
	EndGlobalSection
	GlobalSection(ExtensibilityGlobals) = postSolution
		SolutionGuid = {F676C4CC-32D3-43B4-AA54-31E14F44E08B}
	EndGlobalSection
EndGlobal
